
Microsoft Visual Studio Solution File, Format Version 11.00
# Visual Studio 2010
Project("{E24C65DC-7377-472B-9ABA-BC803B73C61A}") = "SWIS", ".", "{5F9E2E38-FA38-4C60-B4F8-4B3DAF801942}"
	ProjectSection(WebsiteProperties) = preProject
		Frontpage = "false"
		TargetFrameworkMoniker = ".NETFramework,Version%3Dv4.0"
		Debug.AspNetCompiler.VirtualPath = "/SWIS"
		Debug.AspNetCompiler.PhysicalPath = "..\SWIS\"
		Debug.AspNetCompiler.TargetPath = "PrecompiledWeb\SWIS\"
		Debug.AspNetCompiler.Updateable = "true"
		Debug.AspNetCompiler.ForceOverwrite = "true"
		Debug.AspNetCompiler.FixedNames = "true"
		Debug.AspNetCompiler.Debug = "True"
		Release.AspNetCompiler.VirtualPath = "/SWIS"
		Release.AspNetCompiler.PhysicalPath = "..\SWIS\"
		Release.AspNetCompiler.TargetPath = "PrecompiledWeb\SWIS\"
		Release.AspNetCompiler.Updateable = "true"
		Release.AspNetCompiler.ForceOverwrite = "true"
		Release.AspNetCompiler.FixedNames = "true"
		Release.AspNetCompiler.Debug = "False"
		VWDPort = "8382"
	EndProjectSection
EndProject
Global
	GlobalSection(SolutionConfigurationPlatforms) = preSolution
		Debug|Any CPU = Debug|Any CPU
	EndGlobalSection
	GlobalSection(ProjectConfigurationPlatforms) = postSolution
		{5F9E2E38-FA38-4C60-B4F8-4B3DAF801942}.Debug|Any CPU.ActiveCfg = Debug|Any CPU
		{5F9E2E38-FA38-4C60-B4F8-4B3DAF801942}.Debug|Any CPU.Build.0 = Debug|Any CPU
	EndGlobalSection
	GlobalSection(SolutionProperties) = preSolution
		HideSolutionNode = FALSE
	EndGlobalSection
EndGlobal
